// !$*UTF8*$!
{
	archiveVersion = 1;
	classes = {
	};
	objectVersion = 56;
	objects = {

/* Begin PBXBuildFile section */
		F41A73E12C608977000E9085 /* AppDelegate.swift in Sources */ = {isa = PBXBuildFile; fileRef = F41A73E02C608977000E9085 /* AppDelegate.swift */; };
		F41A73E32C608977000E9085 /* SceneDelegate.swift in Sources */ = {isa = PBXBuildFile; fileRef = F41A73E22C608977000E9085 /* SceneDelegate.swift */; };
		F41A73E52C608977000E9085 /* MainViewController.swift in Sources */ = {isa = PBXBuildFile; fileRef = F41A73E42C608977000E9085 /* MainViewController.swift */; };
		F41A73EA2C608979000E9085 /* Assets.xcassets in Resources */ = {isa = PBXBuildFile; fileRef = F41A73E92C608979000E9085 /* Assets.xcassets */; };
		F41A73ED2C608979000E9085 /* Base in Resources */ = {isa = PBXBuildFile; fileRef = F41A73EC2C608979000E9085 /* Base */; };
		F41A73F62C6091BD000E9085 /* NetworkManager.swift in Sources */ = {isa = PBXBuildFile; fileRef = F41A73F52C6091BD000E9085 /* NetworkManager.swift */; };
		F41A73F92C6091F3000E9085 /* RxCocoa in Frameworks */ = {isa = PBXBuildFile; productRef = F41A73F82C6091F3000E9085 /* RxCocoa */; };
		F41A73FC2C609200000E9085 /* SnapKit in Frameworks */ = {isa = PBXBuildFile; productRef = F41A73FB2C609200000E9085 /* SnapKit */; };
		F41A73FF2C609207000E9085 /* RxSwift in Frameworks */ = {isa = PBXBuildFile; productRef = F41A73FE2C609207000E9085 /* RxSwift */; };
		F41A74022C6095B7000E9085 /* MainViewModel.swift in Sources */ = {isa = PBXBuildFile; fileRef = F41A74012C6095B7000E9085 /* MainViewModel.swift */; };
		F41A74052C6095E1000E9085 /* Model.swift in Sources */ = {isa = PBXBuildFile; fileRef = F41A74042C6095E1000E9085 /* Model.swift */; };
		F41A74082C60972C000E9085 /* NameSpace.swift in Sources */ = {isa = PBXBuildFile; fileRef = F41A74072C60972C000E9085 /* NameSpace.swift */; };
		F46AED582C61F39200C085DC /* PokeCollectionViewCell.swift in Sources */ = {isa = PBXBuildFile; fileRef = F46AED572C61F39200C085DC /* PokeCollectionViewCell.swift */; };
		F46AED5A2C62049500C085DC /* Extension.swift in Sources */ = {isa = PBXBuildFile; fileRef = F46AED592C62049500C085DC /* Extension.swift */; };
		F46AED5C2C62136400C085DC /* DetailViewController.swift in Sources */ = {isa = PBXBuildFile; fileRef = F46AED5B2C62136400C085DC /* DetailViewController.swift */; };
		F46AED5E2C6214BC00C085DC /* DetailViewModel.swift in Sources */ = {isa = PBXBuildFile; fileRef = F46AED5D2C6214BC00C085DC /* DetailViewModel.swift */; };
/* End PBXBuildFile section */

/* Begin PBXFileReference section */
		F41A73DD2C608977000E9085 /* PokeDictionary.app */ = {isa = PBXFileReference; explicitFileType = wrapper.application; includeInIndex = 0; path = PokeDictionary.app; sourceTree = BUILT_PRODUCTS_DIR; };
		F41A73E02C608977000E9085 /* AppDelegate.swift */ = {isa = PBXFileReference; lastKnownFileType = sourcecode.swift; path = AppDelegate.swift; sourceTree = "<group>"; };
		F41A73E22C608977000E9085 /* SceneDelegate.swift */ = {isa = PBXFileReference; lastKnownFileType = sourcecode.swift; path = SceneDelegate.swift; sourceTree = "<group>"; };
		F41A73E42C608977000E9085 /* MainViewController.swift */ = {isa = PBXFileReference; lastKnownFileType = sourcecode.swift; path = MainViewController.swift; sourceTree = "<group>"; };
		F41A73E92C608979000E9085 /* Assets.xcassets */ = {isa = PBXFileReference; lastKnownFileType = folder.assetcatalog; path = Assets.xcassets; sourceTree = "<group>"; };
		F41A73EC2C608979000E9085 /* Base */ = {isa = PBXFileReference; lastKnownFileType = file.storyboard; name = Base; path = Base.lproj/LaunchScreen.storyboard; sourceTree = "<group>"; };
		F41A73EE2C608979000E9085 /* Info.plist */ = {isa = PBXFileReference; lastKnownFileType = text.plist.xml; path = Info.plist; sourceTree = "<group>"; };
		F41A73F52C6091BD000E9085 /* NetworkManager.swift */ = {isa = PBXFileReference; lastKnownFileType = sourcecode.swift; path = NetworkManager.swift; sourceTree = "<group>"; };
		F41A74012C6095B7000E9085 /* MainViewModel.swift */ = {isa = PBXFileReference; lastKnownFileType = sourcecode.swift; path = MainViewModel.swift; sourceTree = "<group>"; };
		F41A74042C6095E1000E9085 /* Model.swift */ = {isa = PBXFileReference; lastKnownFileType = sourcecode.swift; path = Model.swift; sourceTree = "<group>"; };
		F41A74072C60972C000E9085 /* NameSpace.swift */ = {isa = PBXFileReference; lastKnownFileType = sourcecode.swift; path = NameSpace.swift; sourceTree = "<group>"; };
		F46AED572C61F39200C085DC /* PokeCollectionViewCell.swift */ = {isa = PBXFileReference; lastKnownFileType = sourcecode.swift; path = PokeCollectionViewCell.swift; sourceTree = "<group>"; };
		F46AED592C62049500C085DC /* Extension.swift */ = {isa = PBXFileReference; lastKnownFileType = sourcecode.swift; path = Extension.swift; sourceTree = "<group>"; };
		F46AED5B2C62136400C085DC /* DetailViewController.swift */ = {isa = PBXFileReference; lastKnownFileType = sourcecode.swift; path = DetailViewController.swift; sourceTree = "<group>"; };
		F46AED5D2C6214BC00C085DC /* DetailViewModel.swift */ = {isa = PBXFileReference; lastKnownFileType = sourcecode.swift; path = DetailViewModel.swift; sourceTree = "<group>"; };
/* End PBXFileReference section */

/* Begin PBXFrameworksBuildPhase section */
		F41A73DA2C608977000E9085 /* Frameworks */ = {
			isa = PBXFrameworksBuildPhase;
			buildActionMask = 2147483647;
			files = (
				F41A73FF2C609207000E9085 /* RxSwift in Frameworks */,
				F41A73F92C6091F3000E9085 /* RxCocoa in Frameworks */,
				F41A73FC2C609200000E9085 /* SnapKit in Frameworks */,
			);
			runOnlyForDeploymentPostprocessing = 0;
		};
/* End PBXFrameworksBuildPhase section */

/* Begin PBXGroup section */
		F41A73D42C608977000E9085 = {
			isa = PBXGroup;
			children = (
				F41A73DF2C608977000E9085 /* PokeDictionary */,
				F41A73DE2C608977000E9085 /* Products */,
				F41A73FD2C609207000E9085 /* Frameworks */,
			);
			sourceTree = "<group>";
		};
		F41A73DE2C608977000E9085 /* Products */ = {
			isa = PBXGroup;
			children = (
				F41A73DD2C608977000E9085 /* PokeDictionary.app */,
			);
			name = Products;
			sourceTree = "<group>";
		};
		F41A73DF2C608977000E9085 /* PokeDictionary */ = {
			isa = PBXGroup;
			children = (
				F41A73E02C608977000E9085 /* AppDelegate.swift */,
				F41A73E22C608977000E9085 /* SceneDelegate.swift */,
				F41A73F42C6091B0000E9085 /* common */,
				F41A74062C6095E5000E9085 /* Model */,
				F41A74002C609398000E9085 /* View */,
				F41A74032C6095C1000E9085 /* ViewModel */,
				F41A73EB2C608979000E9085 /* LaunchScreen.storyboard */,
				F41A73E92C608979000E9085 /* Assets.xcassets */,
				F41A73EE2C608979000E9085 /* Info.plist */,
			);
			path = PokeDictionary;
			sourceTree = "<group>";
		};
		F41A73F42C6091B0000E9085 /* common */ = {
			isa = PBXGroup;
			children = (
				F41A73F52C6091BD000E9085 /* NetworkManager.swift */,
				F41A74072C60972C000E9085 /* NameSpace.swift */,
				F46AED592C62049500C085DC /* Extension.swift */,
			);
			path = common;
			sourceTree = "<group>";
		};
		F41A73FD2C609207000E9085 /* Frameworks */ = {
			isa = PBXGroup;
			children = (
			);
			name = Frameworks;
			sourceTree = "<group>";
		};
		F41A74002C609398000E9085 /* View */ = {
			isa = PBXGroup;
			children = (
				F41A73E42C608977000E9085 /* MainViewController.swift */,
				F46AED572C61F39200C085DC /* PokeCollectionViewCell.swift */,
				F46AED5B2C62136400C085DC /* DetailViewController.swift */,
			);
			path = View;
			sourceTree = "<group>";
		};
		F41A74032C6095C1000E9085 /* ViewModel */ = {
			isa = PBXGroup;
			children = (
				F41A74012C6095B7000E9085 /* MainViewModel.swift */,
				F46AED5D2C6214BC00C085DC /* DetailViewModel.swift */,
			);
			path = ViewModel;
			sourceTree = "<group>";
		};
		F41A74062C6095E5000E9085 /* Model */ = {
			isa = PBXGroup;
			children = (
				F41A74042C6095E1000E9085 /* Model.swift */,
			);
			path = Model;
			sourceTree = "<group>";
		};
/* End PBXGroup section */

/* Begin PBXNativeTarget section */
		F41A73DC2C608977000E9085 /* PokeDictionary */ = {
			isa = PBXNativeTarget;
			buildConfigurationList = F41A73F12C608979000E9085 /* Build configuration list for PBXNativeTarget "PokeDictionary" */;
			buildPhases = (
				F41A73D92C608977000E9085 /* Sources */,
				F41A73DA2C608977000E9085 /* Frameworks */,
				F41A73DB2C608977000E9085 /* Resources */,
			);
			buildRules = (
			);
			dependencies = (
			);
			name = PokeDictionary;
			packageProductDependencies = (
				F41A73F82C6091F3000E9085 /* RxCocoa */,
				F41A73FB2C609200000E9085 /* SnapKit */,
				F41A73FE2C609207000E9085 /* RxSwift */,
			);
			productName = PokeDictionary;
			productReference = F41A73DD2C608977000E9085 /* PokeDictionary.app */;
			productType = "com.apple.product-type.application";
		};
/* End PBXNativeTarget section */

/* Begin PBXProject section */
		F41A73D52C608977000E9085 /* Project object */ = {
			isa = PBXProject;
			attributes = {
				BuildIndependentTargetsInParallel = 1;
				LastSwiftUpdateCheck = 1540;
				LastUpgradeCheck = 1540;
				TargetAttributes = {
					F41A73DC2C608977000E9085 = {
						CreatedOnToolsVersion = 15.4;
					};
				};
			};
			buildConfigurationList = F41A73D82C608977000E9085 /* Build configuration list for PBXProject "PokeDictionary" */;
			compatibilityVersion = "Xcode 14.0";
			developmentRegion = en;
			hasScannedForEncodings = 0;
			knownRegions = (
				en,
				Base,
			);
			mainGroup = F41A73D42C608977000E9085;
			packageReferences = (
				F41A73F72C6091F3000E9085 /* XCRemoteSwiftPackageReference "RxSwift" */,
				F41A73FA2C609200000E9085 /* XCRemoteSwiftPackageReference "SnapKit" */,
			);
			productRefGroup = F41A73DE2C608977000E9085 /* Products */;
			projectDirPath = "";
			projectRoot = "";
			targets = (
				F41A73DC2C608977000E9085 /* PokeDictionary */,
			);
		};
/* End PBXProject section */

/* Begin PBXResourcesBuildPhase section */
		F41A73DB2C608977000E9085 /* Resources */ = {
			isa = PBXResourcesBuildPhase;
			buildActionMask = 2147483647;
			files = (
				F41A73EA2C608979000E9085 /* Assets.xcassets in Resources */,
				F41A73ED2C608979000E9085 /* Base in Resources */,
			);
			runOnlyForDeploymentPostprocessing = 0;
		};
/* End PBXResourcesBuildPhase section */

/* Begin PBXSourcesBuildPhase section */
		F41A73D92C608977000E9085 /* Sources */ = {
			isa = PBXSourcesBuildPhase;
			buildActionMask = 2147483647;
			files = (
				F41A74022C6095B7000E9085 /* MainViewModel.swift in Sources */,
				F41A73F62C6091BD000E9085 /* NetworkManager.swift in Sources */,
				F41A73E52C608977000E9085 /* MainViewController.swift in Sources */,
				F41A74052C6095E1000E9085 /* Model.swift in Sources */,
				F46AED5A2C62049500C085DC /* Extension.swift in Sources */,
				F41A74082C60972C000E9085 /* NameSpace.swift in Sources */,
				F46AED582C61F39200C085DC /* PokeCollectionViewCell.swift in Sources */,
				F46AED5C2C62136400C085DC /* DetailViewController.swift in Sources */,
				F41A73E12C608977000E9085 /* AppDelegate.swift in Sources */,
				F46AED5E2C6214BC00C085DC /* DetailViewModel.swift in Sources */,
				F41A73E32C608977000E9085 /* SceneDelegate.swift in Sources */,
			);
			runOnlyForDeploymentPostprocessing = 0;
		};
/* End PBXSourcesBuildPhase section */

/* Begin PBXVariantGroup section */
		F41A73EB2C608979000E9085 /* LaunchScreen.storyboard */ = {
			isa = PBXVariantGroup;
			children = (
				F41A73EC2C608979000E9085 /* Base */,
			);
			name = LaunchScreen.storyboard;
			sourceTree = "<group>";
		};
/* End PBXVariantGroup section */

/* Begin XCBuildConfiguration section */
		F41A73EF2C608979000E9085 /* Debug */ = {
			isa = XCBuildConfiguration;
			buildSettings = {
				ALWAYS_SEARCH_USER_PATHS = NO;
				ASSETCATALOG_COMPILER_GENERATE_SWIFT_ASSET_SYMBOL_EXTENSIONS = YES;
				CLANG_ANALYZER_NONNULL = YES;
				CLANG_ANALYZER_NUMBER_OBJECT_CONVERSION = YES_AGGRESSIVE;
				CLANG_CXX_LANGUAGE_STANDARD = "gnu++20";
				CLANG_ENABLE_MODULES = YES;
				CLANG_ENABLE_OBJC_ARC = YES;
				CLANG_ENABLE_OBJC_WEAK = YES;
				CLANG_WARN_BLOCK_CAPTURE_AUTORELEASING = YES;
				CLANG_WARN_BOOL_CONVERSION = YES;
				CLANG_WARN_COMMA = YES;
				CLANG_WARN_CONSTANT_CONVERSION = YES;
				CLANG_WARN_DEPRECATED_OBJC_IMPLEMENTATIONS = YES;
				CLANG_WARN_DIRECT_OBJC_ISA_USAGE = YES_ERROR;
				CLANG_WARN_DOCUMENTATION_COMMENTS = YES;
				CLANG_WARN_EMPTY_BODY = YES;
				CLANG_WARN_ENUM_CONVERSION = YES;
				CLANG_WARN_INFINITE_RECURSION = YES;
				CLANG_WARN_INT_CONVERSION = YES;
				CLANG_WARN_NON_LITERAL_NULL_CONVERSION = YES;
				CLANG_WARN_OBJC_IMPLICIT_RETAIN_SELF = YES;
				CLANG_WARN_OBJC_LITERAL_CONVERSION = YES;
				CLANG_WARN_OBJC_ROOT_CLASS = YES_ERROR;
				CLANG_WARN_QUOTED_INCLUDE_IN_FRAMEWORK_HEADER = YES;
				CLANG_WARN_RANGE_LOOP_ANALYSIS = YES;
				CLANG_WARN_STRICT_PROTOTYPES = YES;
				CLANG_WARN_SUSPICIOUS_MOVE = YES;
				CLANG_WARN_UNGUARDED_AVAILABILITY = YES_AGGRESSIVE;
				CLANG_WARN_UNREACHABLE_CODE = YES;
				CLANG_WARN__DUPLICATE_METHOD_MATCH = YES;
				COPY_PHASE_STRIP = NO;
				DEBUG_INFORMATION_FORMAT = dwarf;
				ENABLE_STRICT_OBJC_MSGSEND = YES;
				ENABLE_TESTABILITY = YES;
				ENABLE_USER_SCRIPT_SANDBOXING = YES;
				GCC_C_LANGUAGE_STANDARD = gnu17;
				GCC_DYNAMIC_NO_PIC = NO;
				GCC_NO_COMMON_BLOCKS = YES;
				GCC_OPTIMIZATION_LEVEL = 0;
				GCC_PREPROCESSOR_DEFINITIONS = (
					"DEBUG=1",
					"$(inherited)",
				);
				GCC_WARN_64_TO_32_BIT_CONVERSION = YES;
				GCC_WARN_ABOUT_RETURN_TYPE = YES_ERROR;
				GCC_WARN_UNDECLARED_SELECTOR = YES;
				GCC_WARN_UNINITIALIZED_AUTOS = YES_AGGRESSIVE;
				GCC_WARN_UNUSED_FUNCTION = YES;
				GCC_WARN_UNUSED_VARIABLE = YES;
				IPHONEOS_DEPLOYMENT_TARGET = 17.5;
				LOCALIZATION_PREFERS_STRING_CATALOGS = YES;
				MTL_ENABLE_DEBUG_INFO = INCLUDE_SOURCE;
				MTL_FAST_MATH = YES;
				ONLY_ACTIVE_ARCH = YES;
				SDKROOT = iphoneos;
				SWIFT_ACTIVE_COMPILATION_CONDITIONS = "DEBUG $(inherited)";
				SWIFT_OPTIMIZATION_LEVEL = "-Onone";
			};
			name = Debug;
		};
		F41A73F02C608979000E9085 /* Release */ = {
			isa = XCBuildConfiguration;
			buildSettings = {
				ALWAYS_SEARCH_USER_PATHS = NO;
				ASSETCATALOG_COMPILER_GENERATE_SWIFT_ASSET_SYMBOL_EXTENSIONS = YES;
				CLANG_ANALYZER_NONNULL = YES;
				CLANG_ANALYZER_NUMBER_OBJECT_CONVERSION = YES_AGGRESSIVE;
				CLANG_CXX_LANGUAGE_STANDARD = "gnu++20";
				CLANG_ENABLE_MODULES = YES;
				CLANG_ENABLE_OBJC_ARC = YES;
				CLANG_ENABLE_OBJC_WEAK = YES;
				CLANG_WARN_BLOCK_CAPTURE_AUTORELEASING = YES;
				CLANG_WARN_BOOL_CONVERSION = YES;
				CLANG_WARN_COMMA = YES;
				CLANG_WARN_CONSTANT_CONVERSION = YES;
				CLANG_WARN_DEPRECATED_OBJC_IMPLEMENTATIONS = YES;
				CLANG_WARN_DIRECT_OBJC_ISA_USAGE = YES_ERROR;
				CLANG_WARN_DOCUMENTATION_COMMENTS = YES;
				CLANG_WARN_EMPTY_BODY = YES;
				CLANG_WARN_ENUM_CONVERSION = YES;
				CLANG_WARN_INFINITE_RECURSION = YES;
				CLANG_WARN_INT_CONVERSION = YES;
				CLANG_WARN_NON_LITERAL_NULL_CONVERSION = YES;
				CLANG_WARN_OBJC_IMPLICIT_RETAIN_SELF = YES;
				CLANG_WARN_OBJC_LITERAL_CONVERSION = YES;
				CLANG_WARN_OBJC_ROOT_CLASS = YES_ERROR;
				CLANG_WARN_QUOTED_INCLUDE_IN_FRAMEWORK_HEADER = YES;
				CLANG_WARN_RANGE_LOOP_ANALYSIS = YES;
				CLANG_WARN_STRICT_PROTOTYPES = YES;
				CLANG_WARN_SUSPICIOUS_MOVE = YES;
				CLANG_WARN_UNGUARDED_AVAILABILITY = YES_AGGRESSIVE;
				CLANG_WARN_UNREACHABLE_CODE = YES;
				CLANG_WARN__DUPLICATE_METHOD_MATCH = YES;
				COPY_PHASE_STRIP = NO;
				DEBUG_INFORMATION_FORMAT = "dwarf-with-dsym";
				ENABLE_NS_ASSERTIONS = NO;
				ENABLE_STRICT_OBJC_MSGSEND = YES;
				ENABLE_USER_SCRIPT_SANDBOXING = YES;
				GCC_C_LANGUAGE_STANDARD = gnu17;
				GCC_NO_COMMON_BLOCKS = YES;
				GCC_WARN_64_TO_32_BIT_CONVERSION = YES;
				GCC_WARN_ABOUT_RETURN_TYPE = YES_ERROR;
				GCC_WARN_UNDECLARED_SELECTOR = YES;
				GCC_WARN_UNINITIALIZED_AUTOS = YES_AGGRESSIVE;
				GCC_WARN_UNUSED_FUNCTION = YES;
				GCC_WARN_UNUSED_VARIABLE = YES;
				IPHONEOS_DEPLOYMENT_TARGET = 17.5;
				LOCALIZATION_PREFERS_STRING_CATALOGS = YES;
				MTL_ENABLE_DEBUG_INFO = NO;
				MTL_FAST_MATH = YES;
				SDKROOT = iphoneos;
				SWIFT_COMPILATION_MODE = wholemodule;
				VALIDATE_PRODUCT = YES;
			};
			name = Release;
		};
		F41A73F22C608979000E9085 /* Debug */ = {
			isa = XCBuildConfiguration;
			buildSettings = {
				ASSETCATALOG_COMPILER_APPICON_NAME = AppIcon;
				ASSETCATALOG_COMPILER_GLOBAL_ACCENT_COLOR_NAME = AccentColor;
				CODE_SIGN_STYLE = Automatic;
				CURRENT_PROJECT_VERSION = 1;
				DEVELOPMENT_TEAM = 72GVCX2P2A;
				GENERATE_INFOPLIST_FILE = YES;
				INFOPLIST_FILE = PokeDictionary/Info.plist;
				INFOPLIST_KEY_UIApplicationSupportsIndirectInputEvents = YES;
				INFOPLIST_KEY_UILaunchStoryboardName = LaunchScreen;
				INFOPLIST_KEY_UISupportedInterfaceOrientations_iPad = "UIInterfaceOrientationPortrait UIInterfaceOrientationPortraitUpsideDown UIInterfaceOrientationLandscapeLeft UIInterfaceOrientationLandscapeRight";
				INFOPLIST_KEY_UISupportedInterfaceOrientations_iPhone = "UIInterfaceOrientationPortrait UIInterfaceOrientationLandscapeLeft UIInterfaceOrientationLandscapeRight";
				LD_RUNPATH_SEARCH_PATHS = (
					"$(inherited)",
					"@executable_path/Frameworks",
				);
				MARKETING_VERSION = 1.0;
				PRODUCT_BUNDLE_IDENTIFIER = com.soojang.PokeDictionary;
				PRODUCT_NAME = "$(TARGET_NAME)";
				SWIFT_EMIT_LOC_STRINGS = YES;
				SWIFT_VERSION = 5.0;
				TARGETED_DEVICE_FAMILY = "1,2";
			};
			name = Debug;
		};
		F41A73F32C608979000E9085 /* Release */ = {
			isa = XCBuildConfiguration;
			buildSettings = {
				ASSETCATALOG_COMPILER_APPICON_NAME = AppIcon;
				ASSETCATALOG_COMPILER_GLOBAL_ACCENT_COLOR_NAME = AccentColor;
				CODE_SIGN_STYLE = Automatic;
				CURRENT_PROJECT_VERSION = 1;
				DEVELOPMENT_TEAM = 72GVCX2P2A;
				GENERATE_INFOPLIST_FILE = YES;
				INFOPLIST_FILE = PokeDictionary/Info.plist;
				INFOPLIST_KEY_UIApplicationSupportsIndirectInputEvents = YES;
				INFOPLIST_KEY_UILaunchStoryboardName = LaunchScreen;
				INFOPLIST_KEY_UISupportedInterfaceOrientations_iPad = "UIInterfaceOrientationPortrait UIInterfaceOrientationPortraitUpsideDown UIInterfaceOrientationLandscapeLeft UIInterfaceOrientationLandscapeRight";
				INFOPLIST_KEY_UISupportedInterfaceOrientations_iPhone = "UIInterfaceOrientationPortrait UIInterfaceOrientationLandscapeLeft UIInterfaceOrientationLandscapeRight";
				LD_RUNPATH_SEARCH_PATHS = (
					"$(inherited)",
					"@executable_path/Frameworks",
				);
				MARKETING_VERSION = 1.0;
				PRODUCT_BUNDLE_IDENTIFIER = com.soojang.PokeDictionary;
				PRODUCT_NAME = "$(TARGET_NAME)";
				SWIFT_EMIT_LOC_STRINGS = YES;
				SWIFT_VERSION = 5.0;
				TARGETED_DEVICE_FAMILY = "1,2";
			};
			name = Release;
		};
/* End XCBuildConfiguration section */

/* Begin XCConfigurationList section */
		F41A73D82C608977000E9085 /* Build configuration list for PBXProject "PokeDictionary" */ = {
			isa = XCConfigurationList;
			buildConfigurations = (
				F41A73EF2C608979000E9085 /* Debug */,
				F41A73F02C608979000E9085 /* Release */,
			);
			defaultConfigurationIsVisible = 0;
			defaultConfigurationName = Release;
		};
		F41A73F12C608979000E9085 /* Build configuration list for PBXNativeTarget "PokeDictionary" */ = {
			isa = XCConfigurationList;
			buildConfigurations = (
				F41A73F22C608979000E9085 /* Debug */,
				F41A73F32C608979000E9085 /* Release */,
			);
			defaultConfigurationIsVisible = 0;
			defaultConfigurationName = Release;
		};
/* End XCConfigurationList section */

/* Begin XCRemoteSwiftPackageReference section */
		F41A73F72C6091F3000E9085 /* XCRemoteSwiftPackageReference "RxSwift" */ = {
			isa = XCRemoteSwiftPackageReference;
			repositoryURL = "https://github.com/ReactiveX/RxSwift.git";
			requirement = {
				kind = upToNextMajorVersion;
				minimumVersion = 6.7.1;
			};
		};
		F41A73FA2C609200000E9085 /* XCRemoteSwiftPackageReference "SnapKit" */ = {
			isa = XCRemoteSwiftPackageReference;
			repositoryURL = "https://github.com/SnapKit/SnapKit.git";
			requirement = {
				kind = upToNextMajorVersion;
				minimumVersion = 5.7.1;
			};
		};
/* End XCRemoteSwiftPackageReference section */

/* Begin XCSwiftPackageProductDependency section */
		F41A73F82C6091F3000E9085 /* RxCocoa */ = {
			isa = XCSwiftPackageProductDependency;
			package = F41A73F72C6091F3000E9085 /* XCRemoteSwiftPackageReference "RxSwift" */;
			productName = RxCocoa;
		};
		F41A73FB2C609200000E9085 /* SnapKit */ = {
			isa = XCSwiftPackageProductDependency;
			package = F41A73FA2C609200000E9085 /* XCRemoteSwiftPackageReference "SnapKit" */;
			productName = SnapKit;
		};
		F41A73FE2C609207000E9085 /* RxSwift */ = {
			isa = XCSwiftPackageProductDependency;
			package = F41A73F72C6091F3000E9085 /* XCRemoteSwiftPackageReference "RxSwift" */;
			productName = RxSwift;
		};
/* End XCSwiftPackageProductDependency section */
	};
	rootObject = F41A73D52C608977000E9085 /* Project object */;
}
